
Microsoft Visual Studio Solution File, Format Version 12.00
# Visual Studio Version 17
VisualStudioVersion = 17.4.33103.184
MinimumVisualStudioVersion = 10.0.40219.1
Project("{9A19103F-16F7-4668-BE54-9A1E7A4F7556}") = "CircusTrein", "CircusTrein\CircusTrein.csproj", "{609D7B79-5EB0-4606-B4F8-05AF8473A07F}"
EndProject
Project("{FAE04EC0-301F-11D3-BF4B-00C04F79EFBC}") = "Unit Tests", "Unit Tests\Unit Tests.csproj", "{06CCE76E-899A-42F9-8335-0F3F0048957D}"
EndProject
Global
	GlobalSection(SolutionConfigurationPlatforms) = preSolution
		Debug|Any CPU = Debug|Any CPU
		Release|Any CPU = Release|Any CPU
	EndGlobalSection
	GlobalSection(ProjectConfigurationPlatforms) = postSolution
		{609D7B79-5EB0-4606-B4F8-05AF8473A07F}.Debug|Any CPU.ActiveCfg = Debug|Any CPU
		{609D7B79-5EB0-4606-B4F8-05AF8473A07F}.Debug|Any CPU.Build.0 = Debug|Any CPU
		{609D7B79-5EB0-4606-B4F8-05AF8473A07F}.Release|Any CPU.ActiveCfg = Release|Any CPU
		{609D7B79-5EB0-4606-B4F8-05AF8473A07F}.Release|Any CPU.Build.0 = Release|Any CPU
		{06CCE76E-899A-42F9-8335-0F3F0048957D}.Debug|Any CPU.ActiveCfg = Debug|Any CPU
		{06CCE76E-899A-42F9-8335-0F3F0048957D}.Debug|Any CPU.Build.0 = Debug|Any CPU
		{06CCE76E-899A-42F9-8335-0F3F0048957D}.Release|Any CPU.ActiveCfg = Release|Any CPU
		{06CCE76E-899A-42F9-8335-0F3F0048957D}.Release|Any CPU.Build.0 = Release|Any CPU
	EndGlobalSection
	GlobalSection(SolutionProperties) = preSolution
		HideSolutionNode = FALSE
	EndGlobalSection
	GlobalSection(ExtensibilityGlobals) = postSolution
		SolutionGuid = {66253D16-0297-4931-B1A6-292B40BC48B8}
	EndGlobalSection
EndGlobal
